
Microsoft Visual Studio Solution File, Format Version 12.00
# Visual Studio Version 17
VisualStudioVersion = 17.11.35327.3
MinimumVisualStudioVersion = 10.0.40219.1
Project("{FAE04EC0-301F-11D3-BF4B-00C04F79EFBC}") = "Patron01", "Patron01\Patron01.csproj", "{4C2445DE-93E3-4076-8ED4-696467BE217B}"
EndProject
Project("{FAE04EC0-301F-11D3-BF4B-00C04F79EFBC}") = "Patron02", "Patron02\Patron02.csproj", "{C2ACEA49-504D-4071-8C53-8DB2F16FB666}"
EndProject
Project("{FAE04EC0-301F-11D3-BF4B-00C04F79EFBC}") = "Patron03", "Patron03\Patron03.csproj", "{66EA3F0E-D770-4CD7-9704-CCAF4F229793}"
EndProject
Project("{FAE04EC0-301F-11D3-BF4B-00C04F79EFBC}") = "Patron04", "Patron04\Patron04.csproj", "{0279B055-A442-44DA-B98A-3262BBB59223}"
EndProject
Project("{FAE04EC0-301F-11D3-BF4B-00C04F79EFBC}") = "Patron05", "Patron05\Patron05.csproj", "{73E456DC-0A31-4F55-B3A5-F8A750316491}"
EndProject
Global
	GlobalSection(SolutionConfigurationPlatforms) = preSolution
		Debug|Any CPU = Debug|Any CPU
		Release|Any CPU = Release|Any CPU
	EndGlobalSection
	GlobalSection(ProjectConfigurationPlatforms) = postSolution
		{4C2445DE-93E3-4076-8ED4-696467BE217B}.Debug|Any CPU.ActiveCfg = Debug|Any CPU
		{4C2445DE-93E3-4076-8ED4-696467BE217B}.Debug|Any CPU.Build.0 = Debug|Any CPU
		{4C2445DE-93E3-4076-8ED4-696467BE217B}.Release|Any CPU.ActiveCfg = Release|Any CPU
		{4C2445DE-93E3-4076-8ED4-696467BE217B}.Release|Any CPU.Build.0 = Release|Any CPU
		{C2ACEA49-504D-4071-8C53-8DB2F16FB666}.Debug|Any CPU.ActiveCfg = Debug|Any CPU
		{C2ACEA49-504D-4071-8C53-8DB2F16FB666}.Debug|Any CPU.Build.0 = Debug|Any CPU
		{C2ACEA49-504D-4071-8C53-8DB2F16FB666}.Release|Any CPU.ActiveCfg = Release|Any CPU
		{C2ACEA49-504D-4071-8C53-8DB2F16FB666}.Release|Any CPU.Build.0 = Release|Any CPU
		{66EA3F0E-D770-4CD7-9704-CCAF4F229793}.Debug|Any CPU.ActiveCfg = Debug|Any CPU
		{66EA3F0E-D770-4CD7-9704-CCAF4F229793}.Debug|Any CPU.Build.0 = Debug|Any CPU
		{66EA3F0E-D770-4CD7-9704-CCAF4F229793}.Release|Any CPU.ActiveCfg = Release|Any CPU
		{66EA3F0E-D770-4CD7-9704-CCAF4F229793}.Release|Any CPU.Build.0 = Release|Any CPU
		{0279B055-A442-44DA-B98A-3262BBB59223}.Debug|Any CPU.ActiveCfg = Debug|Any CPU
		{0279B055-A442-44DA-B98A-3262BBB59223}.Debug|Any CPU.Build.0 = Debug|Any CPU
		{0279B055-A442-44DA-B98A-3262BBB59223}.Release|Any CPU.ActiveCfg = Release|Any CPU
		{0279B055-A442-44DA-B98A-3262BBB59223}.Release|Any CPU.Build.0 = Release|Any CPU
		{73E456DC-0A31-4F55-B3A5-F8A750316491}.Debug|Any CPU.ActiveCfg = Debug|Any CPU
		{73E456DC-0A31-4F55-B3A5-F8A750316491}.Debug|Any CPU.Build.0 = Debug|Any CPU
		{73E456DC-0A31-4F55-B3A5-F8A750316491}.Release|Any CPU.ActiveCfg = Release|Any CPU
		{73E456DC-0A31-4F55-B3A5-F8A750316491}.Release|Any CPU.Build.0 = Release|Any CPU
	EndGlobalSection
	GlobalSection(SolutionProperties) = preSolution
		HideSolutionNode = FALSE
	EndGlobalSection
	GlobalSection(ExtensibilityGlobals) = postSolution
		SolutionGuid = {2A3E71B4-EBE4-42A7-A112-C2A64D58C4DC}
	EndGlobalSection
EndGlobal
